
Microsoft Visual Studio Solution File, Format Version 12.00
# Visual Studio Version 16
VisualStudioVersion = 16.0.31129.286
MinimumVisualStudioVersion = 10.0.40219.1
Project("{FAE04EC0-301F-11D3-BF4B-00C04F79EFBC}") = "MultiGamePad", "MultiGamePad\MultiGamePad.csproj", "{BE6A74A6-6AB1-48E8-A17A-B5CC8943BDAC}"
EndProject
Global
	GlobalSection(SolutionConfigurationPlatforms) = preSolution
		Debug|Any CPU = Debug|Any CPU
		Release|Any CPU = Release|Any CPU
	EndGlobalSection
	GlobalSection(ProjectConfigurationPlatforms) = postSolution
		{BE6A74A6-6AB1-48E8-A17A-B5CC8943BDAC}.Debug|Any CPU.ActiveCfg = Debug|Any CPU
		{BE6A74A6-6AB1-48E8-A17A-B5CC8943BDAC}.Debug|Any CPU.Build.0 = Debug|Any CPU
		{BE6A74A6-6AB1-48E8-A17A-B5CC8943BDAC}.Release|Any CPU.ActiveCfg = Release|Any CPU
		{BE6A74A6-6AB1-48E8-A17A-B5CC8943BDAC}.Release|Any CPU.Build.0 = Release|Any CPU
	EndGlobalSection
	GlobalSection(SolutionProperties) = preSolution
		HideSolutionNode = FALSE
	EndGlobalSection
	GlobalSection(ExtensibilityGlobals) = postSolution
		SolutionGuid = {B62E5679-AABA-446E-9C6F-6B8C0B5C581C}
	EndGlobalSection
EndGlobal
